
Microsoft Visual Studio Solution File, Format Version 12.00
# Visual Studio 15
VisualStudioVersion = 15.0.27703.2042
MinimumVisualStudioVersion = 10.0.40219.1
Project("{FAE04EC0-301F-11D3-BF4B-00C04F79EFBC}") = "cours3_b_copy", "cours3_b_copy\cours3_b_copy.csproj", "{075858DE-B581-4D44-AEC4-2FA68E51F427}"
EndProject
Project("{FAE04EC0-301F-11D3-BF4B-00C04F79EFBC}") = "cour3_b", "..\..\..\Documents\GitHub\ASP.NET\cour3_b\cour3_b\cour3_b.csproj", "{5753D301-97D7-420E-8022-953B53818235}"
EndProject
Global
	GlobalSection(SolutionConfigurationPlatforms) = preSolution
		Debug|Any CPU = Debug|Any CPU
		Release|Any CPU = Release|Any CPU
	EndGlobalSection
	GlobalSection(ProjectConfigurationPlatforms) = postSolution
		{075858DE-B581-4D44-AEC4-2FA68E51F427}.Debug|Any CPU.ActiveCfg = Debug|Any CPU
		{075858DE-B581-4D44-AEC4-2FA68E51F427}.Debug|Any CPU.Build.0 = Debug|Any CPU
		{075858DE-B581-4D44-AEC4-2FA68E51F427}.Release|Any CPU.ActiveCfg = Release|Any CPU
		{075858DE-B581-4D44-AEC4-2FA68E51F427}.Release|Any CPU.Build.0 = Release|Any CPU
		{5753D301-97D7-420E-8022-953B53818235}.Debug|Any CPU.ActiveCfg = Debug|Any CPU
		{5753D301-97D7-420E-8022-953B53818235}.Debug|Any CPU.Build.0 = Debug|Any CPU
		{5753D301-97D7-420E-8022-953B53818235}.Release|Any CPU.ActiveCfg = Release|Any CPU
		{5753D301-97D7-420E-8022-953B53818235}.Release|Any CPU.Build.0 = Release|Any CPU
	EndGlobalSection
	GlobalSection(SolutionProperties) = preSolution
		HideSolutionNode = FALSE
	EndGlobalSection
	GlobalSection(ExtensibilityGlobals) = postSolution
		SolutionGuid = {E323F1AB-7044-40AF-A422-2AF7EAC6F928}
	EndGlobalSection
EndGlobal
